{
  "nodes": {
    "home-manager": {
      "inputs": {
        "nixpkgs": [
          "nixpkgs"
        ]
      },
      "locked": {
        "lastModified": 1756679287,
        "narHash": "sha256-Xd1vOeY9ccDf5VtVK12yM0FS6qqvfUop8UQlxEB+gTQ=",
        "type": "tarball",
        "url": "https://githubfast.com/nix-community/home-manager/archive/release-25.05.tar.gz"
      },
      "original": {
        "type": "tarball",
        "url": "https://githubfast.com/nix-community/home-manager/archive/release-25.05.tar.gz"
      }
    },
    "nixpkgs": {
      "locked": {
        "lastModified": 1757020766,
        "narHash": "sha256-PLoSjHRa2bUbi1x9HoXgTx2AiuzNXs54c8omhadyvp0=",
        "type": "tarball",
        "url": "https://githubfast.com/NixOS/nixpkgs/archive/nixos-25.05.tar.gz"
      },
      "original": {
        "type": "tarball",
        "url": "https://githubfast.com/NixOS/nixpkgs/archive/nixos-25.05.tar.gz"
      }
    },
    "root": {
      "inputs": {
        "home-manager": "home-manager",
        "nixpkgs": "nixpkgs"
      }
    }
  },
  "root": "root",
  "version": 7
}
